
Microsoft Visual Studio Solution File, Format Version 12.00
# Visual Studio Version 17
VisualStudioVersion = 17.0.32112.339
MinimumVisualStudioVersion = 10.0.40219.1
Project("{FAE04EC0-301F-11D3-BF4B-00C04F79EFBC}") = "certingon.employess.api", "certingon.employess.api\certingon.employess.api.csproj", "{DDAC51FC-417B-48E0-BE1D-305521613D44}"
EndProject
Global
	GlobalSection(SolutionConfigurationPlatforms) = preSolution
		Debug|Any CPU = Debug|Any CPU
		Release|Any CPU = Release|Any CPU
	EndGlobalSection
	GlobalSection(ProjectConfigurationPlatforms) = postSolution
		{DDAC51FC-417B-48E0-BE1D-305521613D44}.Debug|Any CPU.ActiveCfg = Debug|Any CPU
		{DDAC51FC-417B-48E0-BE1D-305521613D44}.Debug|Any CPU.Build.0 = Debug|Any CPU
		{DDAC51FC-417B-48E0-BE1D-305521613D44}.Release|Any CPU.ActiveCfg = Release|Any CPU
		{DDAC51FC-417B-48E0-BE1D-305521613D44}.Release|Any CPU.Build.0 = Release|Any CPU
	EndGlobalSection
	GlobalSection(SolutionProperties) = preSolution
		HideSolutionNode = FALSE
	EndGlobalSection
	GlobalSection(ExtensibilityGlobals) = postSolution
		SolutionGuid = {76F308B4-7FB6-485F-985C-D76881477EA6}
	EndGlobalSection
EndGlobal
